{
  "lib/forge-std": {
    "rev": "3b20d60d14b343ee4f908cb8079495c07f5e8981"
  },
  "lib/permit2": {
    "rev": "cc56ad0f3439c502c246fc5cfcc3db92bb8b7219"
  },
  "lib/solmate": {
    "rev": "8d910d876f51c3b2585c9109409d601f600e68e1"
  },
  "lib/v3-periphery": {
    "rev": "b325bb0905d922ae61fcc7df85ee802e8df5e96c"
  },
  "lib/v4-periphery": {
    "branch": {
      "name": "main",
      "rev": "363226d9e1e2180b67bf6857023dbaad751010c5"
    }
  }
}