{
  "lib/forge-std": {
    "rev": "73d44ec7d124e3831bc5f832267889ffb6f9bc3f"
  },
  "lib/permit2": {
    "rev": "cc56ad0f3439c502c246fc5cfcc3db92bb8b7219"
  },
  "lib/solmate": {
    "rev": "8d910d876f51c3b2585c9109409d601f600e68e1"
  },
  "lib/v3-periphery": {
    "rev": "b325bb0905d922ae61fcc7df85ee802e8df5e96c"
  },
  "lib/v4-periphery": {
    "rev": "444c526b77d804590f0d7bc5a481af5a3277c952"
  }
}